
Microsoft Visual Studio Solution File, Format Version 12.00
# Visual Studio Version 17
VisualStudioVersion = 17.9.34701.34
MinimumVisualStudioVersion = 10.0.40219.1
Project("{9A19103F-16F7-4668-BE54-9A1E7A4F7556}") = "Welcome", "Welcome\Welcome.csproj", "{0A82F6DD-4442-4A7B-96CC-1AD85C8116F2}"
EndProject
Project("{9A19103F-16F7-4668-BE54-9A1E7A4F7556}") = "WelcomeExtended", "WelcomeExtended\WelcomeExtended.csproj", "{6EF7CCAB-1505-4895-9C45-4906D49A261C}"
EndProject
Project("{9A19103F-16F7-4668-BE54-9A1E7A4F7556}") = "DataLayer", "DataLayer\DataLayer.csproj", "{B5C3BD51-2157-4F3D-94B1-8E08759C069B}"
EndProject
Project("{9A19103F-16F7-4668-BE54-9A1E7A4F7556}") = "UI", "UI\UI.csproj", "{9E2B91F8-4C82-4C24-A946-565A486004EE}"
EndProject
Project("{9A19103F-16F7-4668-BE54-9A1E7A4F7556}") = "ExpenseIt", "ExpenseIt\ExpenseIt.csproj", "{BE107387-5B71-4995-BB34-F0C33906C715}"
EndProject
Project("{9A19103F-16F7-4668-BE54-9A1E7A4F7556}") = "WpfExample", "WpfExample\WpfExample.csproj", "{0C252C2E-5175-4C5B-8B88-8534804F32E6}"
EndProject
Project("{9A19103F-16F7-4668-BE54-9A1E7A4F7556}") = "EasyMVVM", "EasyMVVM\EasyMVVM.csproj", "{529C4196-7856-475F-B548-B0AE40C5ABB4}"
EndProject
Project("{FAE04EC0-301F-11D3-BF4B-00C04F79EFBC}") = "MinimalMVVM", "..\..\..\OneDrive - Sirma Business Consulting\Desktop\PS-Lab5-example3\MinimalMVVM\MinimalMVVM.csproj", "{A71E07A6-F620-46E1-8C30-D6AE9552136A}"
EndProject
Global
	GlobalSection(SolutionConfigurationPlatforms) = preSolution
		Debug|Any CPU = Debug|Any CPU
		Release|Any CPU = Release|Any CPU
	EndGlobalSection
	GlobalSection(ProjectConfigurationPlatforms) = postSolution
		{0A82F6DD-4442-4A7B-96CC-1AD85C8116F2}.Debug|Any CPU.ActiveCfg = Debug|Any CPU
		{0A82F6DD-4442-4A7B-96CC-1AD85C8116F2}.Debug|Any CPU.Build.0 = Debug|Any CPU
		{0A82F6DD-4442-4A7B-96CC-1AD85C8116F2}.Release|Any CPU.ActiveCfg = Release|Any CPU
		{0A82F6DD-4442-4A7B-96CC-1AD85C8116F2}.Release|Any CPU.Build.0 = Release|Any CPU
		{6EF7CCAB-1505-4895-9C45-4906D49A261C}.Debug|Any CPU.ActiveCfg = Debug|Any CPU
		{6EF7CCAB-1505-4895-9C45-4906D49A261C}.Debug|Any CPU.Build.0 = Debug|Any CPU
		{6EF7CCAB-1505-4895-9C45-4906D49A261C}.Release|Any CPU.ActiveCfg = Release|Any CPU
		{6EF7CCAB-1505-4895-9C45-4906D49A261C}.Release|Any CPU.Build.0 = Release|Any CPU
		{B5C3BD51-2157-4F3D-94B1-8E08759C069B}.Debug|Any CPU.ActiveCfg = Debug|Any CPU
		{B5C3BD51-2157-4F3D-94B1-8E08759C069B}.Debug|Any CPU.Build.0 = Debug|Any CPU
		{B5C3BD51-2157-4F3D-94B1-8E08759C069B}.Release|Any CPU.ActiveCfg = Release|Any CPU
		{B5C3BD51-2157-4F3D-94B1-8E08759C069B}.Release|Any CPU.Build.0 = Release|Any CPU
		{9E2B91F8-4C82-4C24-A946-565A486004EE}.Debug|Any CPU.ActiveCfg = Debug|Any CPU
		{9E2B91F8-4C82-4C24-A946-565A486004EE}.Debug|Any CPU.Build.0 = Debug|Any CPU
		{9E2B91F8-4C82-4C24-A946-565A486004EE}.Release|Any CPU.ActiveCfg = Release|Any CPU
		{9E2B91F8-4C82-4C24-A946-565A486004EE}.Release|Any CPU.Build.0 = Release|Any CPU
		{BE107387-5B71-4995-BB34-F0C33906C715}.Debug|Any CPU.ActiveCfg = Debug|Any CPU
		{BE107387-5B71-4995-BB34-F0C33906C715}.Debug|Any CPU.Build.0 = Debug|Any CPU
		{BE107387-5B71-4995-BB34-F0C33906C715}.Release|Any CPU.ActiveCfg = Release|Any CPU
		{BE107387-5B71-4995-BB34-F0C33906C715}.Release|Any CPU.Build.0 = Release|Any CPU
		{0C252C2E-5175-4C5B-8B88-8534804F32E6}.Debug|Any CPU.ActiveCfg = Debug|Any CPU
		{0C252C2E-5175-4C5B-8B88-8534804F32E6}.Debug|Any CPU.Build.0 = Debug|Any CPU
		{0C252C2E-5175-4C5B-8B88-8534804F32E6}.Release|Any CPU.ActiveCfg = Release|Any CPU
		{0C252C2E-5175-4C5B-8B88-8534804F32E6}.Release|Any CPU.Build.0 = Release|Any CPU
		{529C4196-7856-475F-B548-B0AE40C5ABB4}.Debug|Any CPU.ActiveCfg = Debug|Any CPU
		{529C4196-7856-475F-B548-B0AE40C5ABB4}.Debug|Any CPU.Build.0 = Debug|Any CPU
		{529C4196-7856-475F-B548-B0AE40C5ABB4}.Release|Any CPU.ActiveCfg = Release|Any CPU
		{529C4196-7856-475F-B548-B0AE40C5ABB4}.Release|Any CPU.Build.0 = Release|Any CPU
		{A71E07A6-F620-46E1-8C30-D6AE9552136A}.Debug|Any CPU.ActiveCfg = Debug|Any CPU
		{A71E07A6-F620-46E1-8C30-D6AE9552136A}.Debug|Any CPU.Build.0 = Debug|Any CPU
		{A71E07A6-F620-46E1-8C30-D6AE9552136A}.Release|Any CPU.ActiveCfg = Release|Any CPU
		{A71E07A6-F620-46E1-8C30-D6AE9552136A}.Release|Any CPU.Build.0 = Release|Any CPU
	EndGlobalSection
	GlobalSection(SolutionProperties) = preSolution
		HideSolutionNode = FALSE
	EndGlobalSection
	GlobalSection(ExtensibilityGlobals) = postSolution
		SolutionGuid = {C1C12CE7-529F-49AA-B06A-343EC1B9E0EF}
	EndGlobalSection
EndGlobal
